FORGE
  remote: https://forgeapi.puppetlabs.com
  specs:
    puppetlabs-stdlib (4.4.0)

GIT
  remote: git://github.com/mstrauss/puppet-editfile.git
  ref: master
  sha: 884efdc0997af667f24625e696630e6b1db5a952
  specs:
    mstrauss-editfile (0.0.1)

GIT
  remote: git://github.com/pulling-strings/puppet-pi.git
  ref: master
  sha: 39ee73143abd81df74753159a03733e955641eb9
  specs:
    strings-pi (0.1.0)

GIT
  remote: git://github.com/stankevich/puppet-python.git
  ref: master
  sha: f32fba19c241394a7963c71c55c3af4e2c0563f2
  specs:
    stankevich-python (1.8.0)
      puppetlabs-stdlib (>= 4.0.0)

DEPENDENCIES
  mstrauss-editfile (>= 0)
  puppetlabs-stdlib (>= 0)
  stankevich-python (>= 0)
  strings-pi (>= 0)

