FORGE
  remote: https://forgeapi.puppetlabs.com
  specs:
    puppetlabs-stdlib (4.19.0)
    rodjek-logrotate (1.1.1)
    stahnma-epel (1.2.2)
      puppetlabs-stdlib (>= 3.0.0)

GIT
  remote: git://github.com/mstrauss/puppet-editfile.git
  ref: master
  sha: 884efdc0997af667f24625e696630e6b1db5a952
  specs:
    mstrauss-editfile (0.0.1)

GIT
  remote: git://github.com/pulling-strings/puppet-archive.git
  ref: master
  sha: 3f4250dbc2b977845643e98ad24f427c24c845b1
  specs:
    strings-archive (0.2.0)

GIT
  remote: git://github.com/pulling-strings/puppet-backup.git
  ref: master
  sha: b97e8c7453409a2b4d9f8654745af31bd3eef5d2
  specs:
    strings-backup (0.1.1)
      rodjek-logrotate (>= 1.1.1)

GIT
  remote: git://github.com/pulling-strings/puppet-baseline.git
  ref: master
  sha: 2e57e3a6da8d47e610b0382124e4656dc9673660
  specs:
    strings-baseline (0.0.1)

GIT
  remote: git://github.com/pulling-strings/puppet-git.git
  ref: master
  sha: 914192791c9547db7bf8b4f36bb9b1b18e15a477
  specs:
    strings-git (0.0.1)

GIT
  remote: git://github.com/pulling-strings/puppet-pi.git
  ref: master
  sha: 42a66824c45254e62911dbeeed69a30bdad47ce9
  specs:
    strings-pi (0.1.0)

GIT
  remote: git://github.com/pulling-strings/puppet-shell.git
  ref: master
  sha: 6cfb4503ea1533d268278e2762893664569d2ddd
  specs:
    strings-shell (0.2.0)
      stankevich-python (>= 1.7.8)

GIT
  remote: git://github.com/stankevich/puppet-python.git
  ref: master
  sha: 718e9bc482f72559d9035ec2b8b651be01984128
  specs:
    stankevich-python (1.18.2)
      puppetlabs-stdlib (< 6.0.0, >= 4.6.0)
      stahnma-epel (< 2.0.0, >= 1.2.2)

DEPENDENCIES
  mstrauss-editfile (>= 0)
  puppetlabs-stdlib (>= 0)
  stankevich-python (>= 0)
  strings-archive (>= 0)
  strings-backup (>= 0)
  strings-baseline (>= 0)
  strings-git (>= 0)
  strings-pi (>= 0)
  strings-shell (>= 0)

